// !$*UTF8*$!
{
	archiveVersion = 1;
	classes = {
	};
	objectVersion = 46;
	objects = {

/* Begin PBXBuildFile section */
		918CA7A81CBD78BC00E9A67C /* AppDelegate.swift in Sources */ = {isa = PBXBuildFile; fileRef = 918CA7A71CBD78BC00E9A67C /* AppDelegate.swift */; };
		918CA7AA1CBD78BC00E9A67C /* ViewController.swift in Sources */ = {isa = PBXBuildFile; fileRef = 918CA7A91CBD78BC00E9A67C /* ViewController.swift */; };
		918CA7AD1CBD78BC00E9A67C /* Main.storyboard in Resources */ = {isa = PBXBuildFile; fileRef = 918CA7AB1CBD78BC00E9A67C /* Main.storyboard */; };
		918CA7B01CBD78BC00E9A67C /* NSUrlSessionSwift2.xcdatamodeld in Sources */ = {isa = PBXBuildFile; fileRef = 918CA7AE1CBD78BC00E9A67C /* NSUrlSessionSwift2.xcdatamodeld */; };
		918CA7B21CBD78BC00E9A67C /* Assets.xcassets in Resources */ = {isa = PBXBuildFile; fileRef = 918CA7B11CBD78BC00E9A67C /* Assets.xcassets */; };
		918CA7B51CBD78BC00E9A67C /* LaunchScreen.storyboard in Resources */ = {isa = PBXBuildFile; fileRef = 918CA7B31CBD78BC00E9A67C /* LaunchScreen.storyboard */; };
		918CA7C01CBD78BC00E9A67C /* NSUrlSessionSwift2Tests.swift in Sources */ = {isa = PBXBuildFile; fileRef = 918CA7BF1CBD78BC00E9A67C /* NSUrlSessionSwift2Tests.swift */; };
		918CA7CB1CBD78BC00E9A67C /* NSUrlSessionSwift2UITests.swift in Sources */ = {isa = PBXBuildFile; fileRef = 918CA7CA1CBD78BC00E9A67C /* NSUrlSessionSwift2UITests.swift */; };
/* End PBXBuildFile section */

/* Begin PBXContainerItemProxy section */
		918CA7BC1CBD78BC00E9A67C /* PBXContainerItemProxy */ = {
			isa = PBXContainerItemProxy;
			containerPortal = 918CA79C1CBD78BB00E9A67C /* Project object */;
			proxyType = 1;
			remoteGlobalIDString = 918CA7A31CBD78BC00E9A67C;
			remoteInfo = NSUrlSessionSwift2;
		};
		918CA7C71CBD78BC00E9A67C /* PBXContainerItemProxy */ = {
			isa = PBXContainerItemProxy;
			containerPortal = 918CA79C1CBD78BB00E9A67C /* Project object */;
			proxyType = 1;
			remoteGlobalIDString = 918CA7A31CBD78BC00E9A67C;
			remoteInfo = NSUrlSessionSwift2;
		};
/* End PBXContainerItemProxy section */

/* Begin PBXFileReference section */
		918CA7A41CBD78BC00E9A67C /* NSUrlSessionSwift2.app */ = {isa = PBXFileReference; explicitFileType = wrapper.application; includeInIndex = 0; path = NSUrlSessionSwift2.app; sourceTree = BUILT_PRODUCTS_DIR; };
		918CA7A71CBD78BC00E9A67C /* AppDelegate.swift */ = {isa = PBXFileReference; lastKnownFileType = sourcecode.swift; path = AppDelegate.swift; sourceTree = "<group>"; };
		918CA7A91CBD78BC00E9A67C /* ViewController.swift */ = {isa = PBXFileReference; lastKnownFileType = sourcecode.swift; path = ViewController.swift; sourceTree = "<group>"; };
		918CA7AC1CBD78BC00E9A67C /* Base */ = {isa = PBXFileReference; lastKnownFileType = file.storyboard; name = Base; path = Base.lproj/Main.storyboard; sourceTree = "<group>"; };
		918CA7AF1CBD78BC00E9A67C /* NSUrlSessionSwift2.xcdatamodel */ = {isa = PBXFileReference; lastKnownFileType = wrapper.xcdatamodel; path = NSUrlSessionSwift2.xcdatamodel; sourceTree = "<group>"; };
		918CA7B11CBD78BC00E9A67C /* Assets.xcassets */ = {isa = PBXFileReference; lastKnownFileType = folder.assetcatalog; path = Assets.xcassets; sourceTree = "<group>"; };
		918CA7B41CBD78BC00E9A67C /* Base */ = {isa = PBXFileReference; lastKnownFileType = file.storyboard; name = Base; path = Base.lproj/LaunchScreen.storyboard; sourceTree = "<group>"; };
		918CA7B61CBD78BC00E9A67C /* Info.plist */ = {isa = PBXFileReference; lastKnownFileType = text.plist.xml; path = Info.plist; sourceTree = "<group>"; };
		918CA7BB1CBD78BC00E9A67C /* NSUrlSessionSwift2Tests.xctest */ = {isa = PBXFileReference; explicitFileType = wrapper.cfbundle; includeInIndex = 0; path = NSUrlSessionSwift2Tests.xctest; sourceTree = BUILT_PRODUCTS_DIR; };
		918CA7BF1CBD78BC00E9A67C /* NSUrlSessionSwift2Tests.swift */ = {isa = PBXFileReference; lastKnownFileType = sourcecode.swift; path = NSUrlSessionSwift2Tests.swift; sourceTree = "<group>"; };
		918CA7C11CBD78BC00E9A67C /* Info.plist */ = {isa = PBXFileReference; lastKnownFileType = text.plist.xml; path = Info.plist; sourceTree = "<group>"; };
		918CA7C61CBD78BC00E9A67C /* NSUrlSessionSwift2UITests.xctest */ = {isa = PBXFileReference; explicitFileType = wrapper.cfbundle; includeInIndex = 0; path = NSUrlSessionSwift2UITests.xctest; sourceTree = BUILT_PRODUCTS_DIR; };
		918CA7CA1CBD78BC00E9A67C /* NSUrlSessionSwift2UITests.swift */ = {isa = PBXFileReference; lastKnownFileType = sourcecode.swift; path = NSUrlSessionSwift2UITests.swift; sourceTree = "<group>"; };
		918CA7CC1CBD78BC00E9A67C /* Info.plist */ = {isa = PBXFileReference; lastKnownFileType = text.plist.xml; path = Info.plist; sourceTree = "<group>"; };
/* End PBXFileReference section */

/* Begin PBXFrameworksBuildPhase section */
		918CA7A11CBD78BC00E9A67C /* Frameworks */ = {
			isa = PBXFrameworksBuildPhase;
			buildActionMask = 2147483647;
			files = (
			);
			runOnlyForDeploymentPostprocessing = 0;
		};
		918CA7B81CBD78BC00E9A67C /* Frameworks */ = {
			isa = PBXFrameworksBuildPhase;
			buildActionMask = 2147483647;
			files = (
			);
			runOnlyForDeploymentPostprocessing = 0;
		};
		918CA7C31CBD78BC00E9A67C /* Frameworks */ = {
			isa = PBXFrameworksBuildPhase;
			buildActionMask = 2147483647;
			files = (
			);
			runOnlyForDeploymentPostprocessing = 0;
		};
/* End PBXFrameworksBuildPhase section */

/* Begin PBXGroup section */
		918CA79B1CBD78BB00E9A67C = {
			isa = PBXGroup;
			children = (
				918CA7A61CBD78BC00E9A67C /* NSUrlSessionSwift2 */,
				918CA7BE1CBD78BC00E9A67C /* NSUrlSessionSwift2Tests */,
				918CA7C91CBD78BC00E9A67C /* NSUrlSessionSwift2UITests */,
				918CA7A51CBD78BC00E9A67C /* Products */,
			);
			sourceTree = "<group>";
		};
		918CA7A51CBD78BC00E9A67C /* Products */ = {
			isa = PBXGroup;
			children = (
				918CA7A41CBD78BC00E9A67C /* NSUrlSessionSwift2.app */,
				918CA7BB1CBD78BC00E9A67C /* NSUrlSessionSwift2Tests.xctest */,
				918CA7C61CBD78BC00E9A67C /* NSUrlSessionSwift2UITests.xctest */,
			);
			name = Products;
			sourceTree = "<group>";
		};
		918CA7A61CBD78BC00E9A67C /* NSUrlSessionSwift2 */ = {
			isa = PBXGroup;
			children = (
				918CA7A71CBD78BC00E9A67C /* AppDelegate.swift */,
				918CA7A91CBD78BC00E9A67C /* ViewController.swift */,
				918CA7AB1CBD78BC00E9A67C /* Main.storyboard */,
				918CA7B11CBD78BC00E9A67C /* Assets.xcassets */,
				918CA7B31CBD78BC00E9A67C /* LaunchScreen.storyboard */,
				918CA7B61CBD78BC00E9A67C /* Info.plist */,
				918CA7AE1CBD78BC00E9A67C /* NSUrlSessionSwift2.xcdatamodeld */,
			);
			path = NSUrlSessionSwift2;
			sourceTree = "<group>";
		};
		918CA7BE1CBD78BC00E9A67C /* NSUrlSessionSwift2Tests */ = {
			isa = PBXGroup;
			children = (
				918CA7BF1CBD78BC00E9A67C /* NSUrlSessionSwift2Tests.swift */,
				918CA7C11CBD78BC00E9A67C /* Info.plist */,
			);
			path = NSUrlSessionSwift2Tests;
			sourceTree = "<group>";
		};
		918CA7C91CBD78BC00E9A67C /* NSUrlSessionSwift2UITests */ = {
			isa = PBXGroup;
			children = (
				918CA7CA1CBD78BC00E9A67C /* NSUrlSessionSwift2UITests.swift */,
				918CA7CC1CBD78BC00E9A67C /* Info.plist */,
			);
			path = NSUrlSessionSwift2UITests;
			sourceTree = "<group>";
		};
/* End PBXGroup section */

/* Begin PBXNativeTarget section */
		918CA7A31CBD78BC00E9A67C /* NSUrlSessionSwift2 */ = {
			isa = PBXNativeTarget;
			buildConfigurationList = 918CA7CF1CBD78BC00E9A67C /* Build configuration list for PBXNativeTarget "NSUrlSessionSwift2" */;
			buildPhases = (
				918CA7A01CBD78BC00E9A67C /* Sources */,
				918CA7A11CBD78BC00E9A67C /* Frameworks */,
				918CA7A21CBD78BC00E9A67C /* Resources */,
			);
			buildRules = (
			);
			dependencies = (
			);
			name = NSUrlSessionSwift2;
			productName = NSUrlSessionSwift2;
			productReference = 918CA7A41CBD78BC00E9A67C /* NSUrlSessionSwift2.app */;
			productType = "com.apple.product-type.application";
		};
		918CA7BA1CBD78BC00E9A67C /* NSUrlSessionSwift2Tests */ = {
			isa = PBXNativeTarget;
			buildConfigurationList = 918CA7D21CBD78BC00E9A67C /* Build configuration list for PBXNativeTarget "NSUrlSessionSwift2Tests" */;
			buildPhases = (
				918CA7B71CBD78BC00E9A67C /* Sources */,
				918CA7B81CBD78BC00E9A67C /* Frameworks */,
				918CA7B91CBD78BC00E9A67C /* Resources */,
			);
			buildRules = (
			);
			dependencies = (
				918CA7BD1CBD78BC00E9A67C /* PBXTargetDependency */,
			);
			name = NSUrlSessionSwift2Tests;
			productName = NSUrlSessionSwift2Tests;
			productReference = 918CA7BB1CBD78BC00E9A67C /* NSUrlSessionSwift2Tests.xctest */;
			productType = "com.apple.product-type.bundle.unit-test";
		};
		918CA7C51CBD78BC00E9A67C /* NSUrlSessionSwift2UITests */ = {
			isa = PBXNativeTarget;
			buildConfigurationList = 918CA7D51CBD78BC00E9A67C /* Build configuration list for PBXNativeTarget "NSUrlSessionSwift2UITests" */;
			buildPhases = (
				918CA7C21CBD78BC00E9A67C /* Sources */,
				918CA7C31CBD78BC00E9A67C /* Frameworks */,
				918CA7C41CBD78BC00E9A67C /* Resources */,
			);
			buildRules = (
			);
			dependencies = (
				918CA7C81CBD78BC00E9A67C /* PBXTargetDependency */,
			);
			name = NSUrlSessionSwift2UITests;
			productName = NSUrlSessionSwift2UITests;
			productReference = 918CA7C61CBD78BC00E9A67C /* NSUrlSessionSwift2UITests.xctest */;
			productType = "com.apple.product-type.bundle.ui-testing";
		};
/* End PBXNativeTarget section */

/* Begin PBXProject section */
		918CA79C1CBD78BB00E9A67C /* Project object */ = {
			isa = PBXProject;
			attributes = {
				LastSwiftUpdateCheck = 0730;
				LastUpgradeCheck = 0800;
				ORGANIZATIONNAME = MagTek;
				TargetAttributes = {
					918CA7A31CBD78BC00E9A67C = {
						CreatedOnToolsVersion = 7.3;
						DevelopmentTeam = M5PR9WXPR6;
						LastSwiftMigration = 0800;
					};
					918CA7BA1CBD78BC00E9A67C = {
						CreatedOnToolsVersion = 7.3;
						LastSwiftMigration = 0800;
						TestTargetID = 918CA7A31CBD78BC00E9A67C;
					};
					918CA7C51CBD78BC00E9A67C = {
						CreatedOnToolsVersion = 7.3;
						LastSwiftMigration = 0800;
						TestTargetID = 918CA7A31CBD78BC00E9A67C;
					};
				};
			};
			buildConfigurationList = 918CA79F1CBD78BB00E9A67C /* Build configuration list for PBXProject "NSUrlSessionSwift2" */;
			compatibilityVersion = "Xcode 3.2";
			developmentRegion = English;
			hasScannedForEncodings = 0;
			knownRegions = (
				en,
				Base,
			);
			mainGroup = 918CA79B1CBD78BB00E9A67C;
			productRefGroup = 918CA7A51CBD78BC00E9A67C /* Products */;
			projectDirPath = "";
			projectRoot = "";
			targets = (
				918CA7A31CBD78BC00E9A67C /* NSUrlSessionSwift2 */,
				918CA7BA1CBD78BC00E9A67C /* NSUrlSessionSwift2Tests */,
				918CA7C51CBD78BC00E9A67C /* NSUrlSessionSwift2UITests */,
			);
		};
/* End PBXProject section */

/* Begin PBXResourcesBuildPhase section */
		918CA7A21CBD78BC00E9A67C /* Resources */ = {
			isa = PBXResourcesBuildPhase;
			buildActionMask = 2147483647;
			files = (
				918CA7B51CBD78BC00E9A67C /* LaunchScreen.storyboard in Resources */,
				918CA7B21CBD78BC00E9A67C /* Assets.xcassets in Resources */,
				918CA7AD1CBD78BC00E9A67C /* Main.storyboard in Resources */,
			);
			runOnlyForDeploymentPostprocessing = 0;
		};
		918CA7B91CBD78BC00E9A67C /* Resources */ = {
			isa = PBXResourcesBuildPhase;
			buildActionMask = 2147483647;
			files = (
			);
			runOnlyForDeploymentPostprocessing = 0;
		};
		918CA7C41CBD78BC00E9A67C /* Resources */ = {
			isa = PBXResourcesBuildPhase;
			buildActionMask = 2147483647;
			files = (
			);
			runOnlyForDeploymentPostprocessing = 0;
		};
/* End PBXResourcesBuildPhase section */

/* Begin PBXSourcesBuildPhase section */
		918CA7A01CBD78BC00E9A67C /* Sources */ = {
			isa = PBXSourcesBuildPhase;
			buildActionMask = 2147483647;
			files = (
				918CA7AA1CBD78BC00E9A67C /* ViewController.swift in Sources */,
				918CA7A81CBD78BC00E9A67C /* AppDelegate.swift in Sources */,
				918CA7B01CBD78BC00E9A67C /* NSUrlSessionSwift2.xcdatamodeld in Sources */,
			);
			runOnlyForDeploymentPostprocessing = 0;
		};
		918CA7B71CBD78BC00E9A67C /* Sources */ = {
			isa = PBXSourcesBuildPhase;
			buildActionMask = 2147483647;
			files = (
				918CA7C01CBD78BC00E9A67C /* NSUrlSessionSwift2Tests.swift in Sources */,
			);
			runOnlyForDeploymentPostprocessing = 0;
		};
		918CA7C21CBD78BC00E9A67C /* Sources */ = {
			isa = PBXSourcesBuildPhase;
			buildActionMask = 2147483647;
			files = (
				918CA7CB1CBD78BC00E9A67C /* NSUrlSessionSwift2UITests.swift in Sources */,
			);
			runOnlyForDeploymentPostprocessing = 0;
		};
/* End PBXSourcesBuildPhase section */

/* Begin PBXTargetDependency section */
		918CA7BD1CBD78BC00E9A67C /* PBXTargetDependency */ = {
			isa = PBXTargetDependency;
			target = 918CA7A31CBD78BC00E9A67C /* NSUrlSessionSwift2 */;
			targetProxy = 918CA7BC1CBD78BC00E9A67C /* PBXContainerItemProxy */;
		};
		918CA7C81CBD78BC00E9A67C /* PBXTargetDependency */ = {
			isa = PBXTargetDependency;
			target = 918CA7A31CBD78BC00E9A67C /* NSUrlSessionSwift2 */;
			targetProxy = 918CA7C71CBD78BC00E9A67C /* PBXContainerItemProxy */;
		};
/* End PBXTargetDependency section */

/* Begin PBXVariantGroup section */
		918CA7AB1CBD78BC00E9A67C /* Main.storyboard */ = {
			isa = PBXVariantGroup;
			children = (
				918CA7AC1CBD78BC00E9A67C /* Base */,
			);
			name = Main.storyboard;
			sourceTree = "<group>";
		};
		918CA7B31CBD78BC00E9A67C /* LaunchScreen.storyboard */ = {
			isa = PBXVariantGroup;
			children = (
				918CA7B41CBD78BC00E9A67C /* Base */,
			);
			name = LaunchScreen.storyboard;
			sourceTree = "<group>";
		};
/* End PBXVariantGroup section */

/* Begin XCBuildConfiguration section */
		918CA7CD1CBD78BC00E9A67C /* Debug */ = {
			isa = XCBuildConfiguration;
			buildSettings = {
				ALWAYS_SEARCH_USER_PATHS = NO;
				CLANG_ANALYZER_NONNULL = YES;
				CLANG_CXX_LANGUAGE_STANDARD = "gnu++0x";
				CLANG_CXX_LIBRARY = "libc++";
				CLANG_ENABLE_MODULES = YES;
				CLANG_ENABLE_OBJC_ARC = YES;
				CLANG_WARN_BOOL_CONVERSION = YES;
				CLANG_WARN_CONSTANT_CONVERSION = YES;
				CLANG_WARN_DIRECT_OBJC_ISA_USAGE = YES_ERROR;
				CLANG_WARN_EMPTY_BODY = YES;
				CLANG_WARN_ENUM_CONVERSION = YES;
				CLANG_WARN_INFINITE_RECURSION = YES;
				CLANG_WARN_INT_CONVERSION = YES;
				CLANG_WARN_OBJC_ROOT_CLASS = YES_ERROR;
				CLANG_WARN_SUSPICIOUS_MOVE = YES;
				CLANG_WARN_UNREACHABLE_CODE = YES;
				CLANG_WARN__DUPLICATE_METHOD_MATCH = YES;
				"CODE_SIGN_IDENTITY[sdk=iphoneos*]" = "iPhone Developer";
				COPY_PHASE_STRIP = NO;
				DEBUG_INFORMATION_FORMAT = dwarf;
				ENABLE_STRICT_OBJC_MSGSEND = YES;
				ENABLE_TESTABILITY = YES;
				GCC_C_LANGUAGE_STANDARD = gnu99;
				GCC_DYNAMIC_NO_PIC = NO;
				GCC_NO_COMMON_BLOCKS = YES;
				GCC_OPTIMIZATION_LEVEL = 0;
				GCC_PREPROCESSOR_DEFINITIONS = (
					"DEBUG=1",
					"$(inherited)",
				);
				GCC_WARN_64_TO_32_BIT_CONVERSION = YES;
				GCC_WARN_ABOUT_RETURN_TYPE = YES_ERROR;
				GCC_WARN_UNDECLARED_SELECTOR = YES;
				GCC_WARN_UNINITIALIZED_AUTOS = YES_AGGRESSIVE;
				GCC_WARN_UNUSED_FUNCTION = YES;
				GCC_WARN_UNUSED_VARIABLE = YES;
				IPHONEOS_DEPLOYMENT_TARGET = 9.3;
				MTL_ENABLE_DEBUG_INFO = YES;
				ONLY_ACTIVE_ARCH = YES;
				SDKROOT = iphoneos;
				SWIFT_OPTIMIZATION_LEVEL = "-Onone";
				TARGETED_DEVICE_FAMILY = "1,2";
			};
			name = Debug;
		};
		918CA7CE1CBD78BC00E9A67C /* Release */ = {
			isa = XCBuildConfiguration;
			buildSettings = {
				ALWAYS_SEARCH_USER_PATHS = NO;
				CLANG_ANALYZER_NONNULL = YES;
				CLANG_CXX_LANGUAGE_STANDARD = "gnu++0x";
				CLANG_CXX_LIBRARY = "libc++";
				CLANG_ENABLE_MODULES = YES;
				CLANG_ENABLE_OBJC_ARC = YES;
				CLANG_WARN_BOOL_CONVERSION = YES;
				CLANG_WARN_CONSTANT_CONVERSION = YES;
				CLANG_WARN_DIRECT_OBJC_ISA_USAGE = YES_ERROR;
				CLANG_WARN_EMPTY_BODY = YES;
				CLANG_WARN_ENUM_CONVERSION = YES;
				CLANG_WARN_INFINITE_RECURSION = YES;
				CLANG_WARN_INT_CONVERSION = YES;
				CLANG_WARN_OBJC_ROOT_CLASS = YES_ERROR;
				CLANG_WARN_SUSPICIOUS_MOVE = YES;
				CLANG_WARN_UNREACHABLE_CODE = YES;
				CLANG_WARN__DUPLICATE_METHOD_MATCH = YES;
				"CODE_SIGN_IDENTITY[sdk=iphoneos*]" = "iPhone Developer";
				COPY_PHASE_STRIP = NO;
				DEBUG_INFORMATION_FORMAT = "dwarf-with-dsym";
				ENABLE_NS_ASSERTIONS = NO;
				ENABLE_STRICT_OBJC_MSGSEND = YES;
				GCC_C_LANGUAGE_STANDARD = gnu99;
				GCC_NO_COMMON_BLOCKS = YES;
				GCC_WARN_64_TO_32_BIT_CONVERSION = YES;
				GCC_WARN_ABOUT_RETURN_TYPE = YES_ERROR;
				GCC_WARN_UNDECLARED_SELECTOR = YES;
				GCC_WARN_UNINITIALIZED_AUTOS = YES_AGGRESSIVE;
				GCC_WARN_UNUSED_FUNCTION = YES;
				GCC_WARN_UNUSED_VARIABLE = YES;
				IPHONEOS_DEPLOYMENT_TARGET = 9.3;
				MTL_ENABLE_DEBUG_INFO = NO;
				SDKROOT = iphoneos;
				SWIFT_OPTIMIZATION_LEVEL = "-Owholemodule";
				TARGETED_DEVICE_FAMILY = "1,2";
				VALIDATE_PRODUCT = YES;
			};
			name = Release;
		};
		918CA7D01CBD78BC00E9A67C /* Debug */ = {
			isa = XCBuildConfiguration;
			buildSettings = {
				ASSETCATALOG_COMPILER_APPICON_NAME = AppIcon;
				DEVELOPMENT_TEAM = M5PR9WXPR6;
				INFOPLIST_FILE = NSUrlSessionSwift2/Info.plist;
				IPHONEOS_DEPLOYMENT_TARGET = 10.0;
				LD_RUNPATH_SEARCH_PATHS = "$(inherited) @executable_path/Frameworks";
				PRODUCT_BUNDLE_IDENTIFIER = com.magtek.test.NSUrlSessionSwift2;
				PRODUCT_NAME = "$(TARGET_NAME)";
				SWIFT_VERSION = 3.0;
			};
			name = Debug;
		};
		918CA7D11CBD78BC00E9A67C /* Release */ = {
			isa = XCBuildConfiguration;
			buildSettings = {
				ASSETCATALOG_COMPILER_APPICON_NAME = AppIcon;
				DEVELOPMENT_TEAM = M5PR9WXPR6;
				INFOPLIST_FILE = NSUrlSessionSwift2/Info.plist;
				IPHONEOS_DEPLOYMENT_TARGET = 10.0;
				LD_RUNPATH_SEARCH_PATHS = "$(inherited) @executable_path/Frameworks";
				PRODUCT_BUNDLE_IDENTIFIER = com.magtek.test.NSUrlSessionSwift2;
				PRODUCT_NAME = "$(TARGET_NAME)";
				SWIFT_VERSION = 3.0;
			};
			name = Release;
		};
		918CA7D31CBD78BC00E9A67C /* Debug */ = {
			isa = XCBuildConfiguration;
			buildSettings = {
				BUNDLE_LOADER = "$(TEST_HOST)";
				INFOPLIST_FILE = NSUrlSessionSwift2Tests/Info.plist;
				LD_RUNPATH_SEARCH_PATHS = "$(inherited) @executable_path/Frameworks @loader_path/Frameworks";
				PRODUCT_BUNDLE_IDENTIFIER = com.magtek.test.NSUrlSessionSwift2Tests;
				PRODUCT_NAME = "$(TARGET_NAME)";
				SWIFT_VERSION = 3.0;
				TEST_HOST = "$(BUILT_PRODUCTS_DIR)/NSUrlSessionSwift2.app/NSUrlSessionSwift2";
			};
			name = Debug;
		};
		918CA7D41CBD78BC00E9A67C /* Release */ = {
			isa = XCBuildConfiguration;
			buildSettings = {
				BUNDLE_LOADER = "$(TEST_HOST)";
				INFOPLIST_FILE = NSUrlSessionSwift2Tests/Info.plist;
				LD_RUNPATH_SEARCH_PATHS = "$(inherited) @executable_path/Frameworks @loader_path/Frameworks";
				PRODUCT_BUNDLE_IDENTIFIER = com.magtek.test.NSUrlSessionSwift2Tests;
				PRODUCT_NAME = "$(TARGET_NAME)";
				SWIFT_VERSION = 3.0;
				TEST_HOST = "$(BUILT_PRODUCTS_DIR)/NSUrlSessionSwift2.app/NSUrlSessionSwift2";
			};
			name = Release;
		};
		918CA7D61CBD78BC00E9A67C /* Debug */ = {
			isa = XCBuildConfiguration;
			buildSettings = {
				INFOPLIST_FILE = NSUrlSessionSwift2UITests/Info.plist;
				LD_RUNPATH_SEARCH_PATHS = "$(inherited) @executable_path/Frameworks @loader_path/Frameworks";
				PRODUCT_BUNDLE_IDENTIFIER = com.magtek.test.NSUrlSessionSwift2UITests;
				PRODUCT_NAME = "$(TARGET_NAME)";
				SWIFT_VERSION = 3.0;
				TEST_TARGET_NAME = NSUrlSessionSwift2;
			};
			name = Debug;
		};
		918CA7D71CBD78BC00E9A67C /* Release */ = {
			isa = XCBuildConfiguration;
			buildSettings = {
				INFOPLIST_FILE = NSUrlSessionSwift2UITests/Info.plist;
				LD_RUNPATH_SEARCH_PATHS = "$(inherited) @executable_path/Frameworks @loader_path/Frameworks";
				PRODUCT_BUNDLE_IDENTIFIER = com.magtek.test.NSUrlSessionSwift2UITests;
				PRODUCT_NAME = "$(TARGET_NAME)";
				SWIFT_VERSION = 3.0;
				TEST_TARGET_NAME = NSUrlSessionSwift2;
			};
			name = Release;
		};
/* End XCBuildConfiguration section */

/* Begin XCConfigurationList section */
		918CA79F1CBD78BB00E9A67C /* Build configuration list for PBXProject "NSUrlSessionSwift2" */ = {
			isa = XCConfigurationList;
			buildConfigurations = (
				918CA7CD1CBD78BC00E9A67C /* Debug */,
				918CA7CE1CBD78BC00E9A67C /* Release */,
			);
			defaultConfigurationIsVisible = 0;
			defaultConfigurationName = Release;
		};
		918CA7CF1CBD78BC00E9A67C /* Build configuration list for PBXNativeTarget "NSUrlSessionSwift2" */ = {
			isa = XCConfigurationList;
			buildConfigurations = (
				918CA7D01CBD78BC00E9A67C /* Debug */,
				918CA7D11CBD78BC00E9A67C /* Release */,
			);
			defaultConfigurationIsVisible = 0;
			defaultConfigurationName = Release;
		};
		918CA7D21CBD78BC00E9A67C /* Build configuration list for PBXNativeTarget "NSUrlSessionSwift2Tests" */ = {
			isa = XCConfigurationList;
			buildConfigurations = (
				918CA7D31CBD78BC00E9A67C /* Debug */,
				918CA7D41CBD78BC00E9A67C /* Release */,
			);
			defaultConfigurationIsVisible = 0;
			defaultConfigurationName = Release;
		};
		918CA7D51CBD78BC00E9A67C /* Build configuration list for PBXNativeTarget "NSUrlSessionSwift2UITests" */ = {
			isa = XCConfigurationList;
			buildConfigurations = (
				918CA7D61CBD78BC00E9A67C /* Debug */,
				918CA7D71CBD78BC00E9A67C /* Release */,
			);
			defaultConfigurationIsVisible = 0;
			defaultConfigurationName = Release;
		};
/* End XCConfigurationList section */

/* Begin XCVersionGroup section */
		918CA7AE1CBD78BC00E9A67C /* NSUrlSessionSwift2.xcdatamodeld */ = {
			isa = XCVersionGroup;
			children = (
				918CA7AF1CBD78BC00E9A67C /* NSUrlSessionSwift2.xcdatamodel */,
			);
			currentVersion = 918CA7AF1CBD78BC00E9A67C /* NSUrlSessionSwift2.xcdatamodel */;
			path = NSUrlSessionSwift2.xcdatamodeld;
			sourceTree = "<group>";
			versionGroupType = wrapper.xcdatamodel;
		};
/* End XCVersionGroup section */
	};
	rootObject = 918CA79C1CBD78BB00E9A67C /* Project object */;
}
